{
    "_meta": {
        "hash": {
            "sha256": "b311dd1b99ac27679bae9b096a3d1910b0d0668df308be0c07a316fe4118087b"
        },
        "pipfile-spec": 6,
        "requires": {
            "python_version": "3.6"
        },
        "sources": [
            {
                "name": "pypi",
                "url": "https://pypi.python.org/simple",
                "verify_ssl": true
            }
        ]
    },
    "default": {
        "alembic": {
            "hashes": [
                "sha256:1cd32df9a3b8c1749082ef60ffbe05ff16617b6afadfdabc680dcb9344af33d7"
            ],
            "index": "pypi",
            "version": "==0.9.10"
        },
        "blinker": {
            "hashes": [
                "sha256:471aee25f3992bd325afa3772f1063dbdbbca947a041b8b89466dc00d606f8b6"
            ],
            "index": "pypi",
            "version": "==1.4"
        },
        "boto3": {
            "hashes": [
                "sha256:38057b066990172ce6ebbf2a5e046a545503793581fcf14cab0e3821c6112eb0",
                "sha256:f79f77dca2280f7780f39d72a5088f4cf2b626c0921e7185ed6ac17abfdd7e6c"
            ],
            "version": "==1.4.7"
        },
        "botocore": {
            "hashes": [
                "sha256:19d519c8b37d7d35334267f25515e395c431a12a3c624214e2267d12950dbe95",
                "sha256:5c1c023075269265f44a1c5b09a18d6865eca1c85a4be6886ddcc8af01b1c997"
            ],
            "version": "==1.7.48"
        },
        "certifi": {
            "hashes": [
                "sha256:046832c04d4e752f37383b628bc601a7ea7211496b4638f6514d0e5b9acc4939",
                "sha256:945e3ba63a0b9f577b1395204e13c3a231f9bc0223888be653286534e5873695"
            ],
            "version": "==2019.6.16"
        },
        "chardet": {
            "hashes": [
                "sha256:84ab92ed1c4d4f16916e05906b6b75a6c0fb5db821cc65e70cbd64a3e2a5eaae",
                "sha256:fc323ffcaeaed0e0a02bf4d117757b98aed530d9ed4531e3e15460124c106691"
            ],
            "version": "==3.0.4"
        },
        "click": {
            "hashes": [
                "sha256:2335065e6395b9e67ca716de5f7526736bfa6ceead690adf616d925bdc622b13",
                "sha256:5b94b49521f6456670fdb30cd82a4eca9412788a93fa6dd6df72c94d5a8ff2d7"
            ],
            "version": "==7.0"
        },
        "docutils": {
            "hashes": [
                "sha256:54a349c622ff31c91cbec43b0b512f113b5b24daf00e2ea530bb1bd9aac14849",
                "sha256:d2ddba74835cb090a1b627d3de4e7835c628d07ee461f7b4480f51af2fe4d448",
                "sha256:fa2e604dc8a1fe5676a6342d86aa410779df206eec24ebaf16b85687263d3ece"
            ],
            "version": "==0.15"
        },
        "elife-api-validator": {
            "git": "https://github.com/elifesciences/api-validator-python.git",
            "ref": "01a5a9203b0fdfa8d6c4c3650e9999d8e90fe67b"
        },
        "elife-bus-sdk": {
            "hashes": [
                "sha256:1160d0c16ab6918bfca0540bfa84c695387b33a1840f1eb6386b9935eb46b749",
                "sha256:36e8de94227d946775b249d02c112f5c869355bbfdb26c367300623934887004"
            ],
            "index": "pypi",
            "version": "==0.0.6"
        },
        "flask": {
            "hashes": [
                "sha256:13f9f196f330c7c2c5d7a5cf91af894110ca0215ac051b5844701f2bfd934d52",
                "sha256:45eb5a6fd193d6cf7e0cf5d8a5b31f83d5faae0293695626f539a823e93b13f6"
            ],
            "index": "pypi",
            "version": "==1.1.1"
        },
        "flask-migrate": {
            "hashes": [
                "sha256:6fb038be63d4c60727d5dfa5f581a6189af5b4e2925bc378697b4f0a40cfb4e1",
                "sha256:a96ff1875a49a40bd3e8ac04fce73fdb0870b9211e6168608cbafa4eb839d502"
            ],
            "index": "pypi",
            "version": "==2.5.2"
        },
        "flask-script": {
            "hashes": [
                "sha256:6425963d91054cfcc185807141c7314a9c5ad46325911bd24dcb489bd0161c65"
            ],
            "index": "pypi",
            "version": "==2.0.6"
        },
        "flask-sqlalchemy": {
            "hashes": [
                "sha256:0c9609b0d72871c540a7945ea559c8fdf5455192d2db67219509aed680a3d45a",
                "sha256:8631bbea987bc3eb0f72b1f691d47bd37ceb795e73b59ab48586d76d75a7c605"
            ],
            "index": "pypi",
            "version": "==2.4.0"
        },
        "idna": {
            "hashes": [
                "sha256:c357b3f628cf53ae2c4c05627ecc484553142ca23264e593d327bcde5e9c3407",
                "sha256:ea8b7f6188e6fa117537c3df7da9fc686d485087abf6ac197f9c46432f7e4a3c"
            ],
            "version": "==2.8"
        },
        "iso3166": {
            "hashes": [
                "sha256:545a9dbf57b56acfa0dad7978cae2bdd8e0ef4c48cd8aab50c335f0d46eda042"
            ],
            "index": "pypi",
            "version": "==0.9"
        },
        "itsdangerous": {
            "hashes": [
                "sha256:cbb3fcf8d3e33df861709ecaf89d9e6629cff0a217bc2848f1b41cd30d360519"
            ],
            "index": "pypi",
            "version": "==0.24"
        },
        "jinja2": {
            "hashes": [
                "sha256:065c4f02ebe7f7cf559e49ee5a95fb800a9e4528727aec6f24402a5374c65013",
                "sha256:14dd6caf1527abb21f08f86c784eac40853ba93edb79552aa1e4b8aef1b61c7b"
            ],
            "version": "==2.10.1"
        },
        "jmespath": {
            "hashes": [
                "sha256:3720a4b1bd659dd2eecad0666459b9788813e032b83e7ba58578e48254e0a0e6",
                "sha256:bde2aef6f44302dfb30320115b17d030798de8c4110e28d5cf6cf91a7a31074c"
            ],
            "index": "pypi",
            "version": "==0.9.4"
        },
        "jsonschema": {
            "hashes": [
                "sha256:000e68abd33c972a5248544925a0cae7d1125f9bf6c58280d37546b946769a08",
                "sha256:6ff5f3180870836cae40f06fa10419f557208175f13ad7bc26caa77beb1f6e02"
            ],
            "index": "pypi",
            "version": "==2.6.0"
        },
        "mako": {
            "hashes": [
                "sha256:f5a642d8c5699269ab62a68b296ff990767eb120f51e2e8f3d6afb16bdb57f4b"
            ],
            "index": "pypi",
            "version": "==1.0.14"
        },
        "markupsafe": {
            "hashes": [
                "sha256:00bc623926325b26bb9605ae9eae8a215691f33cae5df11ca5424f06f2d1f473",
                "sha256:09027a7803a62ca78792ad89403b1b7a73a01c8cb65909cd876f7fcebd79b161",
                "sha256:09c4b7f37d6c648cb13f9230d847adf22f8171b1ccc4d5682398e77f40309235",
                "sha256:1027c282dad077d0bae18be6794e6b6b8c91d58ed8a8d89a89d59693b9131db5",
                "sha256:24982cc2533820871eba85ba648cd53d8623687ff11cbb805be4ff7b4c971aff",
                "sha256:29872e92839765e546828bb7754a68c418d927cd064fd4708fab9fe9c8bb116b",
                "sha256:43a55c2930bbc139570ac2452adf3d70cdbb3cfe5912c71cdce1c2c6bbd9c5d1",
                "sha256:46c99d2de99945ec5cb54f23c8cd5689f6d7177305ebff350a58ce5f8de1669e",
                "sha256:500d4957e52ddc3351cabf489e79c91c17f6e0899158447047588650b5e69183",
                "sha256:535f6fc4d397c1563d08b88e485c3496cf5784e927af890fb3c3aac7f933ec66",
                "sha256:62fe6c95e3ec8a7fad637b7f3d372c15ec1caa01ab47926cfdf7a75b40e0eac1",
                "sha256:6dd73240d2af64df90aa7c4e7481e23825ea70af4b4922f8ede5b9e35f78a3b1",
                "sha256:717ba8fe3ae9cc0006d7c451f0bb265ee07739daf76355d06366154ee68d221e",
                "sha256:79855e1c5b8da654cf486b830bd42c06e8780cea587384cf6545b7d9ac013a0b",
                "sha256:7c1699dfe0cf8ff607dbdcc1e9b9af1755371f92a68f706051cc8c37d447c905",
                "sha256:88e5fcfb52ee7b911e8bb6d6aa2fd21fbecc674eadd44118a9cc3863f938e735",
                "sha256:8defac2f2ccd6805ebf65f5eeb132adcf2ab57aa11fdf4c0dd5169a004710e7d",
                "sha256:98c7086708b163d425c67c7a91bad6e466bb99d797aa64f965e9d25c12111a5e",
                "sha256:9add70b36c5666a2ed02b43b335fe19002ee5235efd4b8a89bfcf9005bebac0d",
                "sha256:9bf40443012702a1d2070043cb6291650a0841ece432556f784f004937f0f32c",
                "sha256:ade5e387d2ad0d7ebf59146cc00c8044acbd863725f887353a10df825fc8ae21",
                "sha256:b00c1de48212e4cc9603895652c5c410df699856a2853135b3967591e4beebc2",
                "sha256:b1282f8c00509d99fef04d8ba936b156d419be841854fe901d8ae224c59f0be5",
                "sha256:b2051432115498d3562c084a49bba65d97cf251f5a331c64a12ee7e04dacc51b",
                "sha256:ba59edeaa2fc6114428f1637ffff42da1e311e29382d81b339c1817d37ec93c6",
                "sha256:c8716a48d94b06bb3b2524c2b77e055fb313aeb4ea620c8dd03a105574ba704f",
                "sha256:cd5df75523866410809ca100dc9681e301e3c27567cf498077e8551b6d20e42f",
                "sha256:e249096428b3ae81b08327a63a485ad0878de3fb939049038579ac0ef61e17e7"
            ],
            "version": "==1.1.1"
        },
        "newrelic": {
            "hashes": [
                "sha256:0594dd63d7883d30c560e292d063a8dbc7b2ae11b889bec1e8eb9d0f11ab73a6"
            ],
            "index": "pypi",
            "version": "==2.106.1.88"
        },
        "pendulum": {
            "hashes": [
                "sha256:4173ce3e81ad0d9d61dbce86f4286c43a26a398270df6a0a89f501f0c28ad27d",
                "sha256:56a347d0457859c84b8cdba161fc37c7df5db9b3becec7881cd770e9d2058b3c",
                "sha256:738878168eb26e5446da5d1f7b3312ae993a542061be8882099c00ef4866b1a2",
                "sha256:95536b33ae152e3c831eb236c1bf9ac9dcfb3b5b98fdbe8e9e601eab6c373897",
                "sha256:c04fcf955e622e97e405e5f6d1b1f4a7adc69d79d82f3609643de69283170d6d",
                "sha256:dd6500d27bb7ccc029d497da4f9bd09549bd3c0ea276dad894ea2fdf309e83f3",
                "sha256:ddaf97a061eb5e2ae37857a8cb548e074125017855690d20e443ad8d9f31e164",
                "sha256:e7df37447824f9af0b58c7915a4caf349926036afd86ad38e7529a6b2f8fc34b",
                "sha256:e9732b8bb214fad2c72ddcbfec07542effa8a8b704e174347ede1ff8dc679cce",
                "sha256:f4eee1e1735487d9d25cc435c519fd4380cb1f82cde3ebad1efbc2fc30deca5b"
            ],
            "index": "pypi",
            "version": "==1.5.1"
        },
        "psycopg2": {
            "hashes": [
                "sha256:128d0fa910ada0157bba1cb74a9c5f92bb8a1dca77cf91a31eb274d1f889e001",
                "sha256:227fd46cf9b7255f07687e5bde454d7d67ae39ca77e170097cdef8ebfc30c323",
                "sha256:2315e7f104681d498ccf6fd70b0dba5bce65d60ac92171492bfe228e21dcc242",
                "sha256:4b5417dcd2999db0f5a891d54717cfaee33acc64f4772c4bc574d4ff95ed9d80",
                "sha256:640113ddc943522aaf71294e3f2d24013b0edd659b7820621492c9ebd3a2fb0b",
                "sha256:897a6e838319b4bf648a574afb6cabcb17d0488f8c7195100d48d872419f4457",
                "sha256:8dceca81409898c870e011c71179454962dec152a1a6b86a347f4be74b16d864",
                "sha256:b1b8e41da09a0c3ef0b3d4bb72da0dde2abebe583c1e8462973233fd5ad0235f",
                "sha256:cb407fccc12fc29dc331f2b934913405fa49b9b75af4f3a72d0f50f57ad2ca23",
                "sha256:d3a27550a8185e53b244ad7e79e307594b92fede8617d80200a8cce1fba2c60f",
                "sha256:f0e6b697a975d9d3ccd04135316c947dd82d841067c7800ccf622a8717e98df1"
            ],
            "index": "pypi",
            "version": "==2.8.3"
        },
        "python-dateutil": {
            "hashes": [
                "sha256:7e6584c74aeed623791615e26efd690f29817a27c73085b78e4bad02493df2fb",
                "sha256:c89805f6f4d64db21ed966fda138f8a5ed7a4fdbc1a8ee329ce1b74e3c74da9e"
            ],
            "version": "==2.8.0"
        },
        "python-editor": {
            "hashes": [
                "sha256:1bf6e860a8ad52a14c3ee1252d5dc25b2030618ed80c022598f00176adc8367d",
                "sha256:51fda6bcc5ddbbb7063b2af7509e43bd84bfc32a4ff71349ec7847713882327b",
                "sha256:5f98b069316ea1c2ed3f67e7f5df6c0d8f10b689964a4a811ff64f0106819ec8"
            ],
            "version": "==1.0.4"
        },
        "python-json-logger": {
            "hashes": [
                "sha256:b7a31162f2a01965a5efb94453ce69230ed208468b0bbc7fdfc56e6d8df2e281"
            ],
            "index": "pypi",
            "version": "==0.1.11"
        },
        "pytz": {
            "hashes": [
                "sha256:303879e36b721603cc54604edcac9d20401bdbe31e1e4fdee5b9f98d5d31dfda",
                "sha256:d747dd3d23d77ef44c6a3526e274af6efeb0a6f1afd5a69ba4d5be4098c8e141"
            ],
            "version": "==2019.1"
        },
        "pytzdata": {
            "hashes": [
                "sha256:c0c8316eaf6c25ba45816390a1a45c39790767069b3275c5f7de3ddf773eb810",
                "sha256:e8a91952afd853642a49f0713caac3e15a5306855ff4a47af4ddec5b7dd23a09"
            ],
            "version": "==2019.2"
        },
        "pyyaml": {
            "hashes": [
                "sha256:254bf6fda2b7c651837acb2c718e213df29d531eebf00edb54743d10bcb694eb",
                "sha256:3108529b78577327d15eec243f0ff348a0640b0c3478d67ad7f5648f93bac3e2",
                "sha256:3c17fb92c8ba2f525e4b5f7941d850e7a48c3a59b32d331e2502a3cdc6648e76",
                "sha256:8d6d96001aa7f0a6a4a95e8143225b5d06e41b1131044913fecb8f85a125714b",
                "sha256:c8a88edd93ee29ede719080b2be6cb2333dfee1dccba213b422a9c8e97f2967b"
            ],
            "index": "pypi",
            "version": "==4.2b4"
        },
        "requests": {
            "hashes": [
                "sha256:11e007a8a2aa0323f5a921e9e6a2d7e4e67d9877e85773fba9ba6419025cbeb4",
                "sha256:9cf5292fcd0f598c671cfc1e0d7d1a7f13bb8085e9a590f48c010551dc6c4b31"
            ],
            "index": "pypi",
            "version": "==2.22.0"
        },
        "retrying": {
            "hashes": [
                "sha256:08c039560a6da2fe4f2c426d0766e284d3b736e355f8dd24b37367b0bb41973b"
            ],
            "index": "pypi",
            "version": "==1.3.3"
        },
        "s3transfer": {
            "hashes": [
                "sha256:90dc18e028989c609146e241ea153250be451e05ecc0c2832565231dacdf59c1",
                "sha256:c7a9ec356982d5e9ab2d4b46391a7d6a950e2b04c472419f5fdec70cc0ada72f"
            ],
            "version": "==0.1.13"
        },
        "six": {
            "hashes": [
                "sha256:3350809f0555b11f552448330d0b52d5f24c91a322ea4a15ef22629740f3761c",
                "sha256:d16a0141ec1a18405cd4ce8b4613101da75da0e9a7aec5bdd4fa804d0e0eba73"
            ],
            "version": "==1.12.0"
        },
        "sqlalchemy": {
            "hashes": [
                "sha256:217e7fc52199a05851eee9b6a0883190743c4fb9c8ac4313ccfceaffd852b0ff"
            ],
            "index": "pypi",
            "version": "==1.3.6"
        },
        "tzlocal": {
            "hashes": [
                "sha256:4ebeb848845ac898da6519b9b31879cf13b6626f7184c496037b818e238f2c4e"
            ],
            "version": "==1.5.1"
        },
        "urllib3": {
            "hashes": [
                "sha256:b246607a25ac80bedac05c6f282e3cdaf3afb65420fd024ac94435cabe6e18d1",
                "sha256:dbe59173209418ae49d485b87d1681aefa36252ee85884c31346debd19463232"
            ],
            "index": "pypi",
            "version": "==1.25.3"
        },
        "uwsgi": {
            "hashes": [
                "sha256:4972ac538800fb2d421027f49b4a1869b66048839507ccf0aa2fda792d99f583"
            ],
            "index": "pypi",
            "version": "==2.0.18"
        },
        "uwsgi-tools": {
            "hashes": [
                "sha256:565e10945c50ed6f4378168a2a609bb7d1c2c5b21ab23edd1ad5f73d15ab6356",
                "sha256:7d557c83b1803962ea73c2f19688b0d5e7d212f382d0a1a0a4586ae0f34f4cb2"
            ],
            "index": "pypi",
            "version": "==1.1.1"
        },
        "werkzeug": {
            "hashes": [
                "sha256:87ae4e5b5366da2347eb3116c0e6c681a0e939a33b2805e2c0cbd282664932c4",
                "sha256:a13b74dd3c45f758d4ebdb224be8f1ab8ef58b3c0ffc1783a8c7d9f4f50227e6"
            ],
            "index": "pypi",
            "version": "==0.15.5"
        }
    },
    "develop": {
        "astroid": {
            "hashes": [
                "sha256:87de48a92e29cedf7210ffa853d11441e7ad94cb47bacd91b023499b51cbc756",
                "sha256:d25869fc7f44f1d9fb7d24fd7ea0639656f5355fc3089cd1f3d18c6ec6b124c7"
            ],
            "version": "==1.6.6"
        },
        "atomicwrites": {
            "hashes": [
                "sha256:03472c30eb2c5d1ba9227e4c2ca66ab8287fbfbbda3888aa93dc2e28fc6811b4",
                "sha256:75a9445bac02d8d058d5e1fe689654ba5a6556a1dfd8ce6ec55a0ed79866cfa6"
            ],
            "version": "==1.3.0"
        },
        "attrs": {
            "hashes": [
                "sha256:69c0dbf2ed392de1cb5ec704444b08a5ef81680a61cb899dc08127123af36a79",
                "sha256:f0b870f674851ecbfbbbd364d6b5cbdff9dcedbc7f3f5e18a6891057f21fe399"
            ],
            "version": "==19.1.0"
        },
        "backcall": {
            "hashes": [
                "sha256:38ecd85be2c1e78f77fd91700c76e14667dc21e2713b63876c0eb901196e01e4",
                "sha256:bbbf4b1e5cd2bdb08f915895b51081c041bac22394fdfcfdfbe9f14b77c08bf2"
            ],
            "version": "==0.1.0"
        },
        "certifi": {
            "hashes": [
                "sha256:046832c04d4e752f37383b628bc601a7ea7211496b4638f6514d0e5b9acc4939",
                "sha256:945e3ba63a0b9f577b1395204e13c3a231f9bc0223888be653286534e5873695"
            ],
            "version": "==2019.6.16"
        },
        "chardet": {
            "hashes": [
                "sha256:84ab92ed1c4d4f16916e05906b6b75a6c0fb5db821cc65e70cbd64a3e2a5eaae",
                "sha256:fc323ffcaeaed0e0a02bf4d117757b98aed530d9ed4531e3e15460124c106691"
            ],
            "version": "==3.0.4"
        },
        "coverage": {
            "hashes": [
                "sha256:3684fabf6b87a369017756b551cef29e505cb155ddb892a7a29277b978da88b9",
                "sha256:39e088da9b284f1bd17c750ac672103779f7954ce6125fd4382134ac8d152d74",
                "sha256:3c205bc11cc4fcc57b761c2da73b9b72a59f8d5ca89979afb0c1c6f9e53c7390",
                "sha256:465ce53a8c0f3a7950dfb836438442f833cf6663d407f37d8c52fe7b6e56d7e8",
                "sha256:48020e343fc40f72a442c8a1334284620f81295256a6b6ca6d8aa1350c763bbe",
                "sha256:5296fc86ab612ec12394565c500b412a43b328b3907c0d14358950d06fd83baf",
                "sha256:5f61bed2f7d9b6a9ab935150a6b23d7f84b8055524e7be7715b6513f3328138e",
                "sha256:68a43a9f9f83693ce0414d17e019daee7ab3f7113a70c79a3dd4c2f704e4d741",
                "sha256:6b8033d47fe22506856fe450470ccb1d8ba1ffb8463494a15cfc96392a288c09",
                "sha256:7ad7536066b28863e5835e8cfeaa794b7fe352d99a8cded9f43d1161be8e9fbd",
                "sha256:7bacb89ccf4bedb30b277e96e4cc68cd1369ca6841bde7b005191b54d3dd1034",
                "sha256:839dc7c36501254e14331bcb98b27002aa415e4af7ea039d9009409b9d2d5420",
                "sha256:8f9a95b66969cdea53ec992ecea5406c5bd99c9221f539bca1e8406b200ae98c",
                "sha256:932c03d2d565f75961ba1d3cec41ddde00e162c5b46d03f7423edcb807734eab",
                "sha256:988529edadc49039d205e0aa6ce049c5ccda4acb2d6c3c5c550c17e8c02c05ba",
                "sha256:998d7e73548fe395eeb294495a04d38942edb66d1fa61eb70418871bc621227e",
                "sha256:9de60893fb447d1e797f6bf08fdf0dbcda0c1e34c1b06c92bd3a363c0ea8c609",
                "sha256:9e80d45d0c7fcee54e22771db7f1b0b126fb4a6c0a2e5afa72f66827207ff2f2",
                "sha256:a545a3dfe5082dc8e8c3eb7f8a2cf4f2870902ff1860bd99b6198cfd1f9d1f49",
                "sha256:a5d8f29e5ec661143621a8f4de51adfb300d7a476224156a39a392254f70687b",
                "sha256:aca06bfba4759bbdb09bf52ebb15ae20268ee1f6747417837926fae990ebc41d",
                "sha256:bb23b7a6fd666e551a3094ab896a57809e010059540ad20acbeec03a154224ce",
                "sha256:bfd1d0ae7e292105f29d7deaa9d8f2916ed8553ab9d5f39ec65bcf5deadff3f9",
                "sha256:c62ca0a38958f541a73cf86acdab020c2091631c137bd359c4f5bddde7b75fd4",
                "sha256:c709d8bda72cf4cd348ccec2a4881f2c5848fd72903c185f363d361b2737f773",
                "sha256:c968a6aa7e0b56ecbd28531ddf439c2ec103610d3e2bf3b75b813304f8cb7723",
                "sha256:df785d8cb80539d0b55fd47183264b7002077859028dfe3070cf6359bf8b2d9c",
                "sha256:f406628ca51e0ae90ae76ea8398677a921b36f0bd71aab2099dfed08abd0322f",
                "sha256:f46087bbd95ebae244a0eda01a618aff11ec7a069b15a3ef8f6b520db523dcf1",
                "sha256:f8019c5279eb32360ca03e9fac40a12667715546eed5c5eb59eb381f2f501260",
                "sha256:fc5f4d209733750afd2714e9109816a29500718b32dd9a5db01c0cb3a019b96a"
            ],
            "index": "pypi",
            "version": "==4.5.3"
        },
        "coveralls": {
            "hashes": [
                "sha256:d3d49234bffd41e91b241a69f0ebb9f64d7f0515711a76134d53d4647e7eb509",
                "sha256:dafabcff87425fa2ab3122dee21229afbb4d6692cfdacc6bb895f7dfa8b2c849"
            ],
            "index": "pypi",
            "version": "==1.8.1"
        },
        "decorator": {
            "hashes": [
                "sha256:86156361c50488b84a3f148056ea716ca587df2f0de1d34750d35c21312725de",
                "sha256:f069f3a01830ca754ba5258fde2278454a0b5b79e0d7f5c13b3b97e57d4acff6"
            ],
            "version": "==4.4.0"
        },
        "docopt": {
            "hashes": [
                "sha256:49b3a825280bd66b3aa83585ef59c4a8c82f2c8a522dbe754a8bc8d08c85c491"
            ],
            "version": "==0.6.2"
        },
        "faker": {
            "hashes": [
                "sha256:59190473fd6cdf99166f9306137410f9aec8294fb79cef03579abc09cd821be7",
                "sha256:8c6df7903c7b4a51f4ac273bc5fec79a249e3220c47b35d1ac1175b41982d772"
            ],
            "index": "pypi",
            "version": "==0.9.3"
        },
        "flake8": {
            "hashes": [
                "sha256:7253265f7abd8b313e3892944044a365e3f4ac3fcdcfb4298f55ee9ddf188ba0",
                "sha256:c7841163e2b576d435799169b78703ad6ac1bbb0f199994fc05f700b2a90ea37"
            ],
            "index": "pypi",
            "version": "==3.5.0"
        },
        "flake8-import-order": {
            "hashes": [
                "sha256:90a80e46886259b9c396b578d75c749801a41ee969a235e163cfe1be7afd2543",
                "sha256:a28dc39545ea4606c1ac3c24e9d05c849c6e5444a50fb7e9cdd430fc94de6e92"
            ],
            "index": "pypi",
            "version": "==0.18.1"
        },
        "freezegun": {
            "hashes": [
                "sha256:2a4d9c8cd3c04a201e20c313caf8b6338f1cfa4cda43f46a94cc4a9fd13ea5e7",
                "sha256:edfdf5bc6040969e6ed2e36eafe277963bdc8b7c01daeda96c5c8594576c9390"
            ],
            "index": "pypi",
            "version": "==0.3.12"
        },
        "hypothesis": {
            "hashes": [
                "sha256:bf5b5473eb363fa99e3d887cfb6b06a30bdcb2d1ece25499b393f8086aab4747",
                "sha256:ce3c0a01997a4b092b7e3cd4ec235d66a56cddc4b81d7b7072fc64d4258b0f63",
                "sha256:e82583c81e85a6a064ead04554e759d45dd7c201de30637ccecf4f94cbbb51a7"
            ],
            "index": "pypi",
            "version": "==3.82.5"
        },
        "idna": {
            "hashes": [
                "sha256:c357b3f628cf53ae2c4c05627ecc484553142ca23264e593d327bcde5e9c3407",
                "sha256:ea8b7f6188e6fa117537c3df7da9fc686d485087abf6ac197f9c46432f7e4a3c"
            ],
            "version": "==2.8"
        },
        "importlib-metadata": {
            "hashes": [
                "sha256:6dfd58dfe281e8d240937776065dd3624ad5469c835248219bd16cf2e12dbeb7",
                "sha256:cb6ee23b46173539939964df59d3d72c3e0c1b5d54b84f1d8a7e912fe43612db"
            ],
            "version": "==0.18"
        },
        "ipdb": {
            "hashes": [
                "sha256:aa329b7fed373b78778fbffc53245761a94e0648086b7924e92048a0467e4763"
            ],
            "index": "pypi",
            "version": "==0.8.3"
        },
        "ipython": {
            "hashes": [
                "sha256:11067ab11d98b1e6c7f0993506f7a5f8a91af420f7e82be6575fcb7a6ca372a0",
                "sha256:60bc55c2c1d287161191cc2469e73c116d9b634cff25fe214a43cba7cec94c79"
            ],
            "version": "==7.6.1"
        },
        "ipython-genutils": {
            "hashes": [
                "sha256:72dd37233799e619666c9f639a9da83c34013a73e8bbc79a7a6348d93c61fab8",
                "sha256:eb2e116e75ecef9d4d228fdc66af54269afa26ab4463042e33785b887c628ba8"
            ],
            "version": "==0.2.0"
        },
        "isort": {
            "hashes": [
                "sha256:54da7e92468955c4fceacd0c86bd0ec997b0e1ee80d97f67c35a78b719dccab1",
                "sha256:6e811fcb295968434526407adb8796944f1988c5b65e8139058f2014cbe100fd"
            ],
            "version": "==4.3.21"
        },
        "jedi": {
            "hashes": [
                "sha256:53c850f1a7d3cfcd306cc513e2450a54bdf5cacd7604b74e42dd1f0758eaaf36",
                "sha256:e07457174ef7cb2342ff94fa56484fe41cec7ef69b0059f01d3f812379cb6f7c"
            ],
            "version": "==0.14.1"
        },
        "lazy-object-proxy": {
            "hashes": [
                "sha256:159a745e61422217881c4de71f9eafd9d703b93af95618635849fe469a283661",
                "sha256:23f63c0821cc96a23332e45dfaa83266feff8adc72b9bcaef86c202af765244f",
                "sha256:3b11be575475db2e8a6e11215f5aa95b9ec14de658628776e10d96fa0b4dac13",
                "sha256:3f447aff8bc61ca8b42b73304f6a44fa0d915487de144652816f950a3f1ab821",
                "sha256:4ba73f6089cd9b9478bc0a4fa807b47dbdb8fad1d8f31a0f0a5dbf26a4527a71",
                "sha256:4f53eadd9932055eac465bd3ca1bd610e4d7141e1278012bd1f28646aebc1d0e",
                "sha256:64483bd7154580158ea90de5b8e5e6fc29a16a9b4db24f10193f0c1ae3f9d1ea",
                "sha256:6f72d42b0d04bfee2397aa1862262654b56922c20a9bb66bb76b6f0e5e4f9229",
                "sha256:7c7f1ec07b227bdc561299fa2328e85000f90179a2f44ea30579d38e037cb3d4",
                "sha256:7c8b1ba1e15c10b13cad4171cfa77f5bb5ec2580abc5a353907780805ebe158e",
                "sha256:8559b94b823f85342e10d3d9ca4ba5478168e1ac5658a8a2f18c991ba9c52c20",
                "sha256:a262c7dfb046f00e12a2bdd1bafaed2408114a89ac414b0af8755c696eb3fc16",
                "sha256:acce4e3267610c4fdb6632b3886fe3f2f7dd641158a843cf6b6a68e4ce81477b",
                "sha256:be089bb6b83fac7f29d357b2dc4cf2b8eb8d98fe9d9ff89f9ea6012970a853c7",
                "sha256:bfab710d859c779f273cc48fb86af38d6e9210f38287df0069a63e40b45a2f5c",
                "sha256:c10d29019927301d524a22ced72706380de7cfc50f767217485a912b4c8bd82a",
                "sha256:dd6e2b598849b3d7aee2295ac765a578879830fb8966f70be8cd472e6069932e",
                "sha256:e408f1eacc0a68fed0c08da45f31d0ebb38079f043328dce69ff133b95c29dc1"
            ],
            "version": "==1.4.1"
        },
        "mccabe": {
            "hashes": [
                "sha256:ab8a6258860da4b6677da4bd2fe5dc2c659cff31b3ee4f7f5d64e79735b80d42",
                "sha256:dd8d182285a0fe56bace7f45b5e7d1a6ebcbf524e8f3bd87eb0f125271b8831f"
            ],
            "version": "==0.6.1"
        },
        "more-itertools": {
            "hashes": [
                "sha256:409cd48d4db7052af495b09dec721011634af3753ae1ef92d2b32f73a745f832",
                "sha256:92b8c4b06dac4f0611c0729b2f2ede52b2e1bac1ab48f089c7ddc12e26bb60c4"
            ],
            "version": "==7.2.0"
        },
        "parso": {
            "hashes": [
                "sha256:63854233e1fadb5da97f2744b6b24346d2750b85965e7e399bec1620232797dc",
                "sha256:666b0ee4a7a1220f65d367617f2cd3ffddff3e205f3f16a0284df30e774c2a9c"
            ],
            "version": "==0.5.1"
        },
        "pexpect": {
            "hashes": [
                "sha256:2094eefdfcf37a1fdbfb9aa090862c1a4878e5c7e0e7e7088bdb511c558e5cd1",
                "sha256:9e2c1fd0e6ee3a49b28f95d4b33bc389c89b20af6a1255906e90ff1262ce62eb"
            ],
            "markers": "sys_platform != 'win32'",
            "version": "==4.7.0"
        },
        "pickleshare": {
            "hashes": [
                "sha256:87683d47965c1da65cdacaf31c8441d12b8044cdec9aca500cd78fc2c683afca",
                "sha256:9649af414d74d4df115d5d718f82acb59c9d418196b7b4290ed47a12ce62df56"
            ],
            "version": "==0.7.5"
        },
        "pluggy": {
            "hashes": [
                "sha256:0825a152ac059776623854c1543d65a4ad408eb3d33ee114dff91e57ec6ae6fc",
                "sha256:b9817417e95936bf75d85d3f8767f7df6cdde751fc40aed3bb3074cbcb77757c"
            ],
            "version": "==0.12.0"
        },
        "prompt-toolkit": {
            "hashes": [
                "sha256:11adf3389a996a6d45cc277580d0d53e8a5afd281d0c9ec71b28e6f121463780",
                "sha256:2519ad1d8038fd5fc8e770362237ad0364d16a7650fb5724af6997ed5515e3c1",
                "sha256:977c6583ae813a37dc1c2e1b715892461fcbdaa57f6fc62f33a528c4886c8f55"
            ],
            "version": "==2.0.9"
        },
        "proofreader": {
            "hashes": [
                "sha256:6c73d0589d4aed120df17303b189238a9ed15cf927ac190ed6cebb3151341c0d",
                "sha256:a2173700ec564eb2bc3ef1345833cd2cb2b563952054e14adca23de230a57153"
            ],
            "index": "pypi",
            "version": "==0.0.8"
        },
        "ptyprocess": {
            "hashes": [
                "sha256:923f299cc5ad920c68f2bc0bc98b75b9f838b93b599941a6b63ddbc2476394c0",
                "sha256:d7cc528d76e76342423ca640335bd3633420dc1366f258cb31d05e865ef5ca1f"
            ],
            "version": "==0.6.0"
        },
        "py": {
            "hashes": [
                "sha256:64f65755aee5b381cea27766a3a147c3f15b9b6b9ac88676de66ba2ae36793fa",
                "sha256:dc639b046a6e2cff5bbe40194ad65936d6ba360b52b3c3fe1d08a82dd50b5e53"
            ],
            "version": "==1.8.0"
        },
        "pycodestyle": {
            "hashes": [
                "sha256:682256a5b318149ca0d2a9185d365d8864a768a28db66a84a2ea946bcc426766",
                "sha256:6c4245ade1edfad79c3446fadfc96b0de2759662dc29d07d80a6f27ad1ca6ba9"
            ],
            "version": "==2.3.1"
        },
        "pydevd": {
            "hashes": [
                "sha256:059f36c3ead5ae19d772ae1810c3776155871cf429e9cb69c81bae0831d0e922",
                "sha256:313b65bd140435a65f39c18cd922751aae27fc6ea6c0c8179a887ad8e2ae9083",
                "sha256:34f15937018949bc70a3453f46cfa60e4995384a57fb598df0f00749132c21d8",
                "sha256:41384bda8ce64781dfcb8ee6188006b138b3aa2debcebea99d2be10c74e3b4b8",
                "sha256:c2772117948b28374f9bd0bf800b2dab9b00422f8703a4cb21e1621de3a7ac29",
                "sha256:c2fb4aa176d537d4f0a4378b98a693e798dca21d802ee7e2a19510d10400a6f8",
                "sha256:d2410724d6392865c34fb8af98affb2c142d8e3667f3767fdd7c591195fc8f36",
                "sha256:dc8f46674e8bda9bb875da5e6318e4d766c7bfb2ba599143fca9f6cfc28a6877",
                "sha256:e11aef940c3917895ed6e99e48fc4ed2739a807c7c91de0770112e544af49734",
                "sha256:ebcdaa82f5fd427d357c8d8ebe52ac8d5c4cab120e593eb2228594e2c62ccc9e",
                "sha256:fe7f068ce95b3b05f412d8548b98830423688b0f792a1ad08e8a89122eb8719b"
            ],
            "index": "pypi",
            "version": "==1.4.0"
        },
        "pyflakes": {
            "hashes": [
                "sha256:08bd6a50edf8cffa9fa09a463063c425ecaaf10d1eb0335a7e8b1401aef89e6f",
                "sha256:8d616a382f243dbf19b54743f280b80198be0bca3a5396f1d2e1fca6223e8805"
            ],
            "version": "==1.6.0"
        },
        "pygments": {
            "hashes": [
                "sha256:71e430bc85c88a430f000ac1d9b331d2407f681d6f6aec95e8bcfbc3df5b0127",
                "sha256:881c4c157e45f30af185c1ffe8d549d48ac9127433f2c380c24b84572ad66297"
            ],
            "version": "==2.4.2"
        },
        "pylint": {
            "hashes": [
                "sha256:156839bedaa798febee72893beef00c650c2e7abafb5586fc7a6a56be7f80412",
                "sha256:4fe3b99da7e789545327b75548cee6b511e4faa98afe268130fea1af4b5ec022"
            ],
            "index": "pypi",
            "version": "==1.8.2"
        },
        "pytest": {
            "hashes": [
                "sha256:3f193df1cfe1d1609d4c583838bea3d532b18d6160fd3f55c9447fdca30848ec",
                "sha256:e246cf173c01169b9617fc07264b7b1316e78d7a650055235d6d897bc80d9660"
            ],
            "index": "pypi",
            "version": "==3.10.1"
        },
        "pytest-socket": {
            "hashes": [
                "sha256:a90401b7a6db7091add1e33fc94a29dae6b449fdc469a725bd7cea303d12a7ed"
            ],
            "index": "pypi",
            "version": "==0.3.3"
        },
        "python-dateutil": {
            "hashes": [
                "sha256:7e6584c74aeed623791615e26efd690f29817a27c73085b78e4bad02493df2fb",
                "sha256:c89805f6f4d64db21ed966fda138f8a5ed7a4fdbc1a8ee329ce1b74e3c74da9e"
            ],
            "version": "==2.8.0"
        },
        "requests": {
            "hashes": [
                "sha256:11e007a8a2aa0323f5a921e9e6a2d7e4e67d9877e85773fba9ba6419025cbeb4",
                "sha256:9cf5292fcd0f598c671cfc1e0d7d1a7f13bb8085e9a590f48c010551dc6c4b31"
            ],
            "index": "pypi",
            "version": "==2.22.0"
        },
        "requests-mock": {
            "hashes": [
                "sha256:12e17c7ad1397fd1df5ead7727eb3f1bdc9fe1c18293b0492e0e01b57997e38d",
                "sha256:dc9e416a095ee7c3360056990d52e5611fb94469352fc1c2dc85be1ff2189146"
            ],
            "index": "pypi",
            "version": "==1.6.0"
        },
        "six": {
            "hashes": [
                "sha256:3350809f0555b11f552448330d0b52d5f24c91a322ea4a15ef22629740f3761c",
                "sha256:d16a0141ec1a18405cd4ce8b4613101da75da0e9a7aec5bdd4fa804d0e0eba73"
            ],
            "version": "==1.12.0"
        },
        "text-unidecode": {
            "hashes": [
                "sha256:5a1375bb2ba7968740508ae38d92e1f889a0832913cb1c447d5e2046061a396d",
                "sha256:801e38bd550b943563660a91de8d4b6fa5df60a542be9093f7abf819f86050cc"
            ],
            "version": "==1.2"
        },
        "traitlets": {
            "hashes": [
                "sha256:9c4bd2d267b7153df9152698efb1050a5d84982d3384a37b2c1f7723ba3e7835",
                "sha256:c6cb5e6f57c5a9bdaa40fa71ce7b4af30298fbab9ece9815b5d995ab6217c7d9"
            ],
            "version": "==4.3.2"
        },
        "urllib3": {
            "hashes": [
                "sha256:b246607a25ac80bedac05c6f282e3cdaf3afb65420fd024ac94435cabe6e18d1",
                "sha256:dbe59173209418ae49d485b87d1681aefa36252ee85884c31346debd19463232"
            ],
            "index": "pypi",
            "version": "==1.25.3"
        },
        "wcwidth": {
            "hashes": [
                "sha256:3df37372226d6e63e1b1e1eda15c594bca98a22d33a23832a90998faa96bc65e",
                "sha256:f4ebe71925af7b40a864553f761ed559b43544f8f71746c2d756c7fe788ade7c"
            ],
            "version": "==0.1.7"
        },
        "wrapt": {
            "hashes": [
                "sha256:565a021fd19419476b9362b05eeaa094178de64f8361e44468f9e9d7843901e1"
            ],
            "version": "==1.11.2"
        },
        "zipp": {
            "hashes": [
                "sha256:4970c3758f4e89a7857a973b1e2a5d75bcdc47794442f2e2dd4fe8e0466e809a",
                "sha256:8a5712cfd3bb4248015eb3b0b3c54a5f6ee3f2425963ef2a0125b8bc40aafaec"
            ],
            "version": "==0.5.2"
        }
    }
}
